// !$*UTF8*$!
{
	archiveVersion = 1;
	classes = {
	};
	objectVersion = 50;
	objects = {

/* Begin PBXBuildFile section */
		2A12AA08B195A4C323E8AEA8 /* Pods_MealCreditApp_iOS.framework in Frameworks */ = {isa = PBXBuildFile; fileRef = 28EC1D0642FDFB9D3E6A79F4 /* Pods_MealCreditApp_iOS.framework */; };
		396BB57022055F1C001A3810 /* FilterViewController.swift in Sources */ = {isa = PBXBuildFile; fileRef = 396BB56F22055F1C001A3810 /* FilterViewController.swift */; };
		39B5BEE8224F5ACD00F02D57 /* PaddingLabel.swift in Sources */ = {isa = PBXBuildFile; fileRef = 39B5BEE7224F5ACD00F02D57 /* PaddingLabel.swift */; };
		39B5BEEA224FCE9000F02D57 /* FilterViewInfo.swift in Sources */ = {isa = PBXBuildFile; fileRef = 39B5BEE9224FCE9000F02D57 /* FilterViewInfo.swift */; };
		39C4CCC121CD8DBF006242F3 /* AppDelegate.swift in Sources */ = {isa = PBXBuildFile; fileRef = 39C4CCC021CD8DBF006242F3 /* AppDelegate.swift */; };
		39C4CCC321CD8DBF006242F3 /* ViewController.swift in Sources */ = {isa = PBXBuildFile; fileRef = 39C4CCC221CD8DBF006242F3 /* ViewController.swift */; };
		39C4CCC621CD8DBF006242F3 /* Main.storyboard in Resources */ = {isa = PBXBuildFile; fileRef = 39C4CCC421CD8DBF006242F3 /* Main.storyboard */; };
		39C4CCCB21CD8DC0006242F3 /* LaunchScreen.storyboard in Resources */ = {isa = PBXBuildFile; fileRef = 39C4CCC921CD8DC0006242F3 /* LaunchScreen.storyboard */; };
		39C4CCD621CD8DC0006242F3 /* MealCreditApp_iOSTests.swift in Sources */ = {isa = PBXBuildFile; fileRef = 39C4CCD521CD8DC0006242F3 /* MealCreditApp_iOSTests.swift */; };
		39C4CCE121CD8DC0006242F3 /* MealCreditApp_iOSTests.swift in Sources */ = {isa = PBXBuildFile; fileRef = 39C4CCE021CD8DC0006242F3 /* MealCreditApp_iOSTests.swift */; };
		39C4CCEF21CDA28A006242F3 /* GlobalVariables.swift in Sources */ = {isa = PBXBuildFile; fileRef = 39C4CCEE21CDA28A006242F3 /* GlobalVariables.swift */; };
		39C4CCF121CDCB39006242F3 /* SignUpViewController.swift in Sources */ = {isa = PBXBuildFile; fileRef = 39C4CCF021CDCB39006242F3 /* SignUpViewController.swift */; };
		39C4CCF321CE0476006242F3 /* Helper.swift in Sources */ = {isa = PBXBuildFile; fileRef = 39C4CCF221CE0476006242F3 /* Helper.swift */; };
		39C4CCF521CE10F2006242F3 /* AvailableObjsViewController.swift in Sources */ = {isa = PBXBuildFile; fileRef = 39C4CCF421CE10F2006242F3 /* AvailableObjsViewController.swift */; };
		39C4CCF721CE1111006242F3 /* HungerObjsViewController.swift in Sources */ = {isa = PBXBuildFile; fileRef = 39C4CCF621CE1111006242F3 /* HungerObjsViewController.swift */; };
		39C4CCF921CEAA4A006242F3 /* AvailableObject.swift in Sources */ = {isa = PBXBuildFile; fileRef = 39C4CCF821CEAA4A006242F3 /* AvailableObject.swift */; };
		39C4CD3921D176D6006242F3 /* AddObjectViewController.swift in Sources */ = {isa = PBXBuildFile; fileRef = 39C4CD3821D176D6006242F3 /* AddObjectViewController.swift */; };
		39C4CD3B21D19207006242F3 /* Assets.xcassets in Resources */ = {isa = PBXBuildFile; fileRef = 39C4CD3A21D19207006242F3 /* Assets.xcassets */; };
		D5A68C7A22CC1822007D5934 /* EditObjectViewController.swift in Sources */ = {isa = PBXBuildFile; fileRef = D5A68C7922CC1822007D5934 /* EditObjectViewController.swift */; };
/* End PBXBuildFile section */

/* Begin PBXContainerItemProxy section */
		39C4CCD221CD8DC0006242F3 /* PBXContainerItemProxy */ = {
			isa = PBXContainerItemProxy;
			containerPortal = 39C4CCB521CD8DBF006242F3 /* Project object */;
			proxyType = 1;
			remoteGlobalIDString = 39C4CCBC21CD8DBF006242F3;
			remoteInfo = AF_test;
		};
		39C4CCDD21CD8DC0006242F3 /* PBXContainerItemProxy */ = {
			isa = PBXContainerItemProxy;
			containerPortal = 39C4CCB521CD8DBF006242F3 /* Project object */;
			proxyType = 1;
			remoteGlobalIDString = 39C4CCBC21CD8DBF006242F3;
			remoteInfo = AF_test;
		};
/* End PBXContainerItemProxy section */

/* Begin PBXFileReference section */
		043D190AD779244DDBC67285 /* Pods-MealCreditApp_iOSTests.debug.xcconfig */ = {isa = PBXFileReference; includeInIndex = 1; lastKnownFileType = text.xcconfig; name = "Pods-MealCreditApp_iOSTests.debug.xcconfig"; path = "Pods/Target Support Files/Pods-MealCreditApp_iOSTests/Pods-MealCreditApp_iOSTests.debug.xcconfig"; sourceTree = "<group>"; };
		1E71F58FD769A1807AE76AE0 /* Pods-MealCreditApp_iOSUITests.debug.xcconfig */ = {isa = PBXFileReference; includeInIndex = 1; lastKnownFileType = text.xcconfig; name = "Pods-MealCreditApp_iOSUITests.debug.xcconfig"; path = "Pods/Target Support Files/Pods-MealCreditApp_iOSUITests/Pods-MealCreditApp_iOSUITests.debug.xcconfig"; sourceTree = "<group>"; };
		28EC1D0642FDFB9D3E6A79F4 /* Pods_MealCreditApp_iOS.framework */ = {isa = PBXFileReference; explicitFileType = wrapper.framework; includeInIndex = 0; path = Pods_MealCreditApp_iOS.framework; sourceTree = BUILT_PRODUCTS_DIR; };
		396BB56F22055F1C001A3810 /* FilterViewController.swift */ = {isa = PBXFileReference; lastKnownFileType = sourcecode.swift; path = FilterViewController.swift; sourceTree = "<group>"; };
		39B5BEE7224F5ACD00F02D57 /* PaddingLabel.swift */ = {isa = PBXFileReference; lastKnownFileType = sourcecode.swift; path = PaddingLabel.swift; sourceTree = "<group>"; };
		39B5BEE9224FCE9000F02D57 /* FilterViewInfo.swift */ = {isa = PBXFileReference; lastKnownFileType = sourcecode.swift; path = FilterViewInfo.swift; sourceTree = "<group>"; };
		39C4CCBD21CD8DBF006242F3 /* MealCreditApp_iOS.app */ = {isa = PBXFileReference; explicitFileType = wrapper.application; includeInIndex = 0; path = MealCreditApp_iOS.app; sourceTree = BUILT_PRODUCTS_DIR; };
		39C4CCC021CD8DBF006242F3 /* AppDelegate.swift */ = {isa = PBXFileReference; lastKnownFileType = sourcecode.swift; path = AppDelegate.swift; sourceTree = "<group>"; };
		39C4CCC221CD8DBF006242F3 /* ViewController.swift */ = {isa = PBXFileReference; lastKnownFileType = sourcecode.swift; path = ViewController.swift; sourceTree = "<group>"; };
		39C4CCC521CD8DBF006242F3 /* Base */ = {isa = PBXFileReference; lastKnownFileType = file.storyboard; name = Base; path = Base.lproj/Main.storyboard; sourceTree = "<group>"; };
		39C4CCCA21CD8DC0006242F3 /* Base */ = {isa = PBXFileReference; lastKnownFileType = file.storyboard; name = Base; path = Base.lproj/LaunchScreen.storyboard; sourceTree = "<group>"; };
		39C4CCCC21CD8DC0006242F3 /* Info.plist */ = {isa = PBXFileReference; lastKnownFileType = text.plist.xml; path = Info.plist; sourceTree = "<group>"; };
		39C4CCD121CD8DC0006242F3 /* MealCreditApp_iOSTests.xctest */ = {isa = PBXFileReference; explicitFileType = wrapper.cfbundle; includeInIndex = 0; path = MealCreditApp_iOSTests.xctest; sourceTree = BUILT_PRODUCTS_DIR; };
		39C4CCD521CD8DC0006242F3 /* MealCreditApp_iOSTests.swift */ = {isa = PBXFileReference; lastKnownFileType = sourcecode.swift; path = MealCreditApp_iOSTests.swift; sourceTree = "<group>"; };
		39C4CCD721CD8DC0006242F3 /* Info.plist */ = {isa = PBXFileReference; lastKnownFileType = text.plist.xml; path = Info.plist; sourceTree = "<group>"; };
		39C4CCDC21CD8DC0006242F3 /* MealCreditApp_iOSUITests.xctest */ = {isa = PBXFileReference; explicitFileType = wrapper.cfbundle; includeInIndex = 0; path = MealCreditApp_iOSUITests.xctest; sourceTree = BUILT_PRODUCTS_DIR; };
		39C4CCE021CD8DC0006242F3 /* MealCreditApp_iOSTests.swift */ = {isa = PBXFileReference; lastKnownFileType = sourcecode.swift; path = MealCreditApp_iOSTests.swift; sourceTree = "<group>"; };
		39C4CCE221CD8DC0006242F3 /* Info.plist */ = {isa = PBXFileReference; lastKnownFileType = text.plist.xml; path = Info.plist; sourceTree = "<group>"; };
		39C4CCEE21CDA28A006242F3 /* GlobalVariables.swift */ = {isa = PBXFileReference; lastKnownFileType = sourcecode.swift; path = GlobalVariables.swift; sourceTree = "<group>"; };
		39C4CCF021CDCB39006242F3 /* SignUpViewController.swift */ = {isa = PBXFileReference; lastKnownFileType = sourcecode.swift; path = SignUpViewController.swift; sourceTree = "<group>"; };
		39C4CCF221CE0476006242F3 /* Helper.swift */ = {isa = PBXFileReference; lastKnownFileType = sourcecode.swift; path = Helper.swift; sourceTree = "<group>"; };
		39C4CCF421CE10F2006242F3 /* AvailableObjsViewController.swift */ = {isa = PBXFileReference; lastKnownFileType = sourcecode.swift; path = AvailableObjsViewController.swift; sourceTree = "<group>"; };
		39C4CCF621CE1111006242F3 /* HungerObjsViewController.swift */ = {isa = PBXFileReference; lastKnownFileType = sourcecode.swift; path = HungerObjsViewController.swift; sourceTree = "<group>"; };
		39C4CCF821CEAA4A006242F3 /* AvailableObject.swift */ = {isa = PBXFileReference; lastKnownFileType = sourcecode.swift; path = AvailableObject.swift; sourceTree = "<group>"; };
		39C4CCFC21CF670F006242F3 /* EditObjectViewController.swift */ = {isa = PBXFileReference; lastKnownFileType = sourcecode.swift; name = EditObjectViewController.swift; path = ../../../AF_test/AF_test/EditObjectViewController.swift; sourceTree = "<group>"; };
		39C4CD3821D176D6006242F3 /* AddObjectViewController.swift */ = {isa = PBXFileReference; lastKnownFileType = sourcecode.swift; path = AddObjectViewController.swift; sourceTree = "<group>"; };
		39C4CD3A21D19207006242F3 /* Assets.xcassets */ = {isa = PBXFileReference; lastKnownFileType = folder.assetcatalog; path = Assets.xcassets; sourceTree = "<group>"; };
		4E8260EAAEA5AB37148256BD /* Pods-MealCreditApp_iOSUITests.release.xcconfig */ = {isa = PBXFileReference; includeInIndex = 1; lastKnownFileType = text.xcconfig; name = "Pods-MealCreditApp_iOSUITests.release.xcconfig"; path = "Pods/Target Support Files/Pods-MealCreditApp_iOSUITests/Pods-MealCreditApp_iOSUITests.release.xcconfig"; sourceTree = "<group>"; };
		76F178B180DFB4CDF3413382 /* Pods-MealCreditApp_iOS.release.xcconfig */ = {isa = PBXFileReference; includeInIndex = 1; lastKnownFileType = text.xcconfig; name = "Pods-MealCreditApp_iOS.release.xcconfig"; path = "Pods/Target Support Files/Pods-MealCreditApp_iOS/Pods-MealCreditApp_iOS.release.xcconfig"; sourceTree = "<group>"; };
		886C86A34AEE5B6E264ECD5B /* Pods-MealCreditApp_iOSTests.release.xcconfig */ = {isa = PBXFileReference; includeInIndex = 1; lastKnownFileType = text.xcconfig; name = "Pods-MealCreditApp_iOSTests.release.xcconfig"; path = "Pods/Target Support Files/Pods-MealCreditApp_iOSTests/Pods-MealCreditApp_iOSTests.release.xcconfig"; sourceTree = "<group>"; };
		D5A68C7922CC1822007D5934 /* EditObjectViewController.swift */ = {isa = PBXFileReference; lastKnownFileType = sourcecode.swift; path = EditObjectViewController.swift; sourceTree = "<group>"; };
		F9884153D4327E1DFAB90252 /* Pods-MealCreditApp_iOS.debug.xcconfig */ = {isa = PBXFileReference; includeInIndex = 1; lastKnownFileType = text.xcconfig; name = "Pods-MealCreditApp_iOS.debug.xcconfig"; path = "Pods/Target Support Files/Pods-MealCreditApp_iOS/Pods-MealCreditApp_iOS.debug.xcconfig"; sourceTree = "<group>"; };
/* End PBXFileReference section */

/* Begin PBXFrameworksBuildPhase section */
		39C4CCBA21CD8DBF006242F3 /* Frameworks */ = {
			isa = PBXFrameworksBuildPhase;
			buildActionMask = 2147483647;
			files = (
				2A12AA08B195A4C323E8AEA8 /* Pods_MealCreditApp_iOS.framework in Frameworks */,
			);
			runOnlyForDeploymentPostprocessing = 0;
		};
		39C4CCCE21CD8DC0006242F3 /* Frameworks */ = {
			isa = PBXFrameworksBuildPhase;
			buildActionMask = 2147483647;
			files = (
			);
			runOnlyForDeploymentPostprocessing = 0;
		};
		39C4CCD921CD8DC0006242F3 /* Frameworks */ = {
			isa = PBXFrameworksBuildPhase;
			buildActionMask = 2147483647;
			files = (
			);
			runOnlyForDeploymentPostprocessing = 0;
		};
/* End PBXFrameworksBuildPhase section */

/* Begin PBXGroup section */
		0C71EE238D35CB10287C1179 /* Pods */ = {
			isa = PBXGroup;
			children = (
				F9884153D4327E1DFAB90252 /* Pods-MealCreditApp_iOS.debug.xcconfig */,
				76F178B180DFB4CDF3413382 /* Pods-MealCreditApp_iOS.release.xcconfig */,
				043D190AD779244DDBC67285 /* Pods-MealCreditApp_iOSTests.debug.xcconfig */,
				886C86A34AEE5B6E264ECD5B /* Pods-MealCreditApp_iOSTests.release.xcconfig */,
				1E71F58FD769A1807AE76AE0 /* Pods-MealCreditApp_iOSUITests.debug.xcconfig */,
				4E8260EAAEA5AB37148256BD /* Pods-MealCreditApp_iOSUITests.release.xcconfig */,
			);
			name = Pods;
			sourceTree = "<group>";
		};
		1A3AA924567CA953BD0D8520 /* Frameworks */ = {
			isa = PBXGroup;
			children = (
				28EC1D0642FDFB9D3E6A79F4 /* Pods_MealCreditApp_iOS.framework */,
			);
			name = Frameworks;
			sourceTree = "<group>";
		};
		39C4CCB421CD8DBF006242F3 = {
			isa = PBXGroup;
			children = (
				39C4CCBF21CD8DBF006242F3 /* MealCreditApp_iOS */,
				39C4CCD421CD8DC0006242F3 /* MealCreditApp_iOSTests */,
				39C4CCDF21CD8DC0006242F3 /* MealCreditApp_iOSUITests */,
				39C4CCBE21CD8DBF006242F3 /* Products */,
				0C71EE238D35CB10287C1179 /* Pods */,
				1A3AA924567CA953BD0D8520 /* Frameworks */,
			);
			sourceTree = "<group>";
		};
		39C4CCBE21CD8DBF006242F3 /* Products */ = {
			isa = PBXGroup;
			children = (
				39C4CCBD21CD8DBF006242F3 /* MealCreditApp_iOS.app */,
				39C4CCD121CD8DC0006242F3 /* MealCreditApp_iOSTests.xctest */,
				39C4CCDC21CD8DC0006242F3 /* MealCreditApp_iOSUITests.xctest */,
			);
			name = Products;
			sourceTree = "<group>";
		};
		39C4CCBF21CD8DBF006242F3 /* MealCreditApp_iOS */ = {
			isa = PBXGroup;
			children = (
				D5A68C7922CC1822007D5934 /* EditObjectViewController.swift */,
				39C4CCC021CD8DBF006242F3 /* AppDelegate.swift */,
				39C4CCEE21CDA28A006242F3 /* GlobalVariables.swift */,
				39C4CCF221CE0476006242F3 /* Helper.swift */,
				39C4CCC421CD8DBF006242F3 /* Main.storyboard */,
				39C4CCC221CD8DBF006242F3 /* ViewController.swift */,
				39C4CCF021CDCB39006242F3 /* SignUpViewController.swift */,
				39C4CCF821CEAA4A006242F3 /* AvailableObject.swift */,
				39B5BEE9224FCE9000F02D57 /* FilterViewInfo.swift */,
				39C4CCF421CE10F2006242F3 /* AvailableObjsViewController.swift */,
				39C4CCFC21CF670F006242F3 /* EditObjectViewController.swift */,
				39C4CD3821D176D6006242F3 /* AddObjectViewController.swift */,
				39C4CCF621CE1111006242F3 /* HungerObjsViewController.swift */,
				396BB56F22055F1C001A3810 /* FilterViewController.swift */,
				39C4CCC921CD8DC0006242F3 /* LaunchScreen.storyboard */,
				39C4CCCC21CD8DC0006242F3 /* Info.plist */,
				39C4CD3A21D19207006242F3 /* Assets.xcassets */,
				39B5BEE7224F5ACD00F02D57 /* PaddingLabel.swift */,
			);
			path = MealCreditApp_iOS;
			sourceTree = "<group>";
		};
		39C4CCD421CD8DC0006242F3 /* MealCreditApp_iOSTests */ = {
			isa = PBXGroup;
			children = (
				39C4CCD521CD8DC0006242F3 /* MealCreditApp_iOSTests.swift */,
				39C4CCD721CD8DC0006242F3 /* Info.plist */,
			);
			path = MealCreditApp_iOSTests;
			sourceTree = "<group>";
		};
		39C4CCDF21CD8DC0006242F3 /* MealCreditApp_iOSUITests */ = {
			isa = PBXGroup;
			children = (
				39C4CCE021CD8DC0006242F3 /* MealCreditApp_iOSTests.swift */,
				39C4CCE221CD8DC0006242F3 /* Info.plist */,
			);
			name = MealCreditApp_iOSUITests;
			path = AF_testUITests;
			sourceTree = "<group>";
		};
/* End PBXGroup section */

/* Begin PBXNativeTarget section */
		39C4CCBC21CD8DBF006242F3 /* MealCreditApp_iOS */ = {
			isa = PBXNativeTarget;
			buildConfigurationList = 39C4CCE521CD8DC0006242F3 /* Build configuration list for PBXNativeTarget "MealCreditApp_iOS" */;
			buildPhases = (
				39BB3ECF52739A02A5BE423A /* [CP] Check Pods Manifest.lock */,
				39C4CCB921CD8DBF006242F3 /* Sources */,
				39C4CCBA21CD8DBF006242F3 /* Frameworks */,
				39C4CCBB21CD8DBF006242F3 /* Resources */,
				AC3E83AAC687940AE77E8378 /* [CP] Embed Pods Frameworks */,
			);
			buildRules = (
			);
			dependencies = (
			);
			name = MealCreditApp_iOS;
			productName = AF_test;
			productReference = 39C4CCBD21CD8DBF006242F3 /* MealCreditApp_iOS.app */;
			productType = "com.apple.product-type.application";
		};
		39C4CCD021CD8DC0006242F3 /* MealCreditApp_iOSTests */ = {
			isa = PBXNativeTarget;
			buildConfigurationList = 39C4CCE821CD8DC0006242F3 /* Build configuration list for PBXNativeTarget "MealCreditApp_iOSTests" */;
			buildPhases = (
				3B2B3417B691049FEB8CBA8C /* [CP] Check Pods Manifest.lock */,
				39C4CCCD21CD8DC0006242F3 /* Sources */,
				39C4CCCE21CD8DC0006242F3 /* Frameworks */,
				39C4CCCF21CD8DC0006242F3 /* Resources */,
			);
			buildRules = (
			);
			dependencies = (
				39C4CCD321CD8DC0006242F3 /* PBXTargetDependency */,
			);
			name = MealCreditApp_iOSTests;
			productName = AF_testTests;
			productReference = 39C4CCD121CD8DC0006242F3 /* MealCreditApp_iOSTests.xctest */;
			productType = "com.apple.product-type.bundle.unit-test";
		};
		39C4CCDB21CD8DC0006242F3 /* MealCreditApp_iOSUITests */ = {
			isa = PBXNativeTarget;
			buildConfigurationList = 39C4CCEB21CD8DC0006242F3 /* Build configuration list for PBXNativeTarget "MealCreditApp_iOSUITests" */;
			buildPhases = (
				B5925533D31991C87BDB404B /* [CP] Check Pods Manifest.lock */,
				39C4CCD821CD8DC0006242F3 /* Sources */,
				39C4CCD921CD8DC0006242F3 /* Frameworks */,
				39C4CCDA21CD8DC0006242F3 /* Resources */,
			);
			buildRules = (
			);
			dependencies = (
				39C4CCDE21CD8DC0006242F3 /* PBXTargetDependency */,
			);
			name = MealCreditApp_iOSUITests;
			productName = AF_testUITests;
			productReference = 39C4CCDC21CD8DC0006242F3 /* MealCreditApp_iOSUITests.xctest */;
			productType = "com.apple.product-type.bundle.ui-testing";
		};
/* End PBXNativeTarget section */

/* Begin PBXProject section */
		39C4CCB521CD8DBF006242F3 /* Project object */ = {
			isa = PBXProject;
			attributes = {
				LastSwiftUpdateCheck = 1010;
				LastUpgradeCheck = 1010;
				ORGANIZATIONNAME = RupalT;
				TargetAttributes = {
					39C4CCBC21CD8DBF006242F3 = {
						CreatedOnToolsVersion = 10.1;
					};
					39C4CCD021CD8DC0006242F3 = {
						CreatedOnToolsVersion = 10.1;
						TestTargetID = 39C4CCBC21CD8DBF006242F3;
					};
					39C4CCDB21CD8DC0006242F3 = {
						CreatedOnToolsVersion = 10.1;
						TestTargetID = 39C4CCBC21CD8DBF006242F3;
					};
				};
			};
			buildConfigurationList = 39C4CCB821CD8DBF006242F3 /* Build configuration list for PBXProject "MealCreditApp_iOS" */;
			compatibilityVersion = "Xcode 9.3";
			developmentRegion = en;
			hasScannedForEncodings = 0;
			knownRegions = (
				en,
				Base,
			);
			mainGroup = 39C4CCB421CD8DBF006242F3;
			productRefGroup = 39C4CCBE21CD8DBF006242F3 /* Products */;
			projectDirPath = "";
			projectRoot = "";
			targets = (
				39C4CCBC21CD8DBF006242F3 /* MealCreditApp_iOS */,
				39C4CCD021CD8DC0006242F3 /* MealCreditApp_iOSTests */,
				39C4CCDB21CD8DC0006242F3 /* MealCreditApp_iOSUITests */,
			);
		};
/* End PBXProject section */

/* Begin PBXResourcesBuildPhase section */
		39C4CCBB21CD8DBF006242F3 /* Resources */ = {
			isa = PBXResourcesBuildPhase;
			buildActionMask = 2147483647;
			files = (
				39C4CCCB21CD8DC0006242F3 /* LaunchScreen.storyboard in Resources */,
				39C4CD3B21D19207006242F3 /* Assets.xcassets in Resources */,
				39C4CCC621CD8DBF006242F3 /* Main.storyboard in Resources */,
			);
			runOnlyForDeploymentPostprocessing = 0;
		};
		39C4CCCF21CD8DC0006242F3 /* Resources */ = {
			isa = PBXResourcesBuildPhase;
			buildActionMask = 2147483647;
			files = (
			);
			runOnlyForDeploymentPostprocessing = 0;
		};
		39C4CCDA21CD8DC0006242F3 /* Resources */ = {
			isa = PBXResourcesBuildPhase;
			buildActionMask = 2147483647;
			files = (
			);
			runOnlyForDeploymentPostprocessing = 0;
		};
/* End PBXResourcesBuildPhase section */

/* Begin PBXShellScriptBuildPhase section */
		39BB3ECF52739A02A5BE423A /* [CP] Check Pods Manifest.lock */ = {
			isa = PBXShellScriptBuildPhase;
			buildActionMask = 2147483647;
			files = (
			);
			inputFileListPaths = (
			);
			inputPaths = (
				"${PODS_PODFILE_DIR_PATH}/Podfile.lock",
				"${PODS_ROOT}/Manifest.lock",
			);
			name = "[CP] Check Pods Manifest.lock";
			outputFileListPaths = (
			);
			outputPaths = (
				"$(DERIVED_FILE_DIR)/Pods-MealCreditApp_iOS-checkManifestLockResult.txt",
			);
			runOnlyForDeploymentPostprocessing = 0;
			shellPath = /bin/sh;
			shellScript = "diff \"${PODS_PODFILE_DIR_PATH}/Podfile.lock\" \"${PODS_ROOT}/Manifest.lock\" > /dev/null\nif [ $? != 0 ] ; then\n    # print error to STDERR\n    echo \"error: The sandbox is not in sync with the Podfile.lock. Run 'pod install' or update your CocoaPods installation.\" >&2\n    exit 1\nfi\n# This output is used by Xcode 'outputs' to avoid re-running this script phase.\necho \"SUCCESS\" > \"${SCRIPT_OUTPUT_FILE_0}\"\n";
			showEnvVarsInLog = 0;
		};
		3B2B3417B691049FEB8CBA8C /* [CP] Check Pods Manifest.lock */ = {
			isa = PBXShellScriptBuildPhase;
			buildActionMask = 2147483647;
			files = (
			);
			inputFileListPaths = (
			);
			inputPaths = (
				"${PODS_PODFILE_DIR_PATH}/Podfile.lock",
				"${PODS_ROOT}/Manifest.lock",
			);
			name = "[CP] Check Pods Manifest.lock";
			outputFileListPaths = (
			);
			outputPaths = (
				"$(DERIVED_FILE_DIR)/Pods-MealCreditApp_iOSTests-checkManifestLockResult.txt",
			);
			runOnlyForDeploymentPostprocessing = 0;
			shellPath = /bin/sh;
			shellScript = "diff \"${PODS_PODFILE_DIR_PATH}/Podfile.lock\" \"${PODS_ROOT}/Manifest.lock\" > /dev/null\nif [ $? != 0 ] ; then\n    # print error to STDERR\n    echo \"error: The sandbox is not in sync with the Podfile.lock. Run 'pod install' or update your CocoaPods installation.\" >&2\n    exit 1\nfi\n# This output is used by Xcode 'outputs' to avoid re-running this script phase.\necho \"SUCCESS\" > \"${SCRIPT_OUTPUT_FILE_0}\"\n";
			showEnvVarsInLog = 0;
		};
		AC3E83AAC687940AE77E8378 /* [CP] Embed Pods Frameworks */ = {
			isa = PBXShellScriptBuildPhase;
			buildActionMask = 2147483647;
			files = (
			);
			inputFileListPaths = (
			);
			inputPaths = (
				"${SRCROOT}/Pods/Target Support Files/Pods-MealCreditApp_iOS/Pods-MealCreditApp_iOS-frameworks.sh",
				"${BUILT_PRODUCTS_DIR}/Alamofire/Alamofire.framework",
			);
			name = "[CP] Embed Pods Frameworks";
			outputFileListPaths = (
			);
			outputPaths = (
				"${TARGET_BUILD_DIR}/${FRAMEWORKS_FOLDER_PATH}/Alamofire.framework",
			);
			runOnlyForDeploymentPostprocessing = 0;
			shellPath = /bin/sh;
			shellScript = "\"${SRCROOT}/Pods/Target Support Files/Pods-MealCreditApp_iOS/Pods-MealCreditApp_iOS-frameworks.sh\"\n";
			showEnvVarsInLog = 0;
		};
		B5925533D31991C87BDB404B /* [CP] Check Pods Manifest.lock */ = {
			isa = PBXShellScriptBuildPhase;
			buildActionMask = 2147483647;
			files = (
			);
			inputFileListPaths = (
			);
			inputPaths = (
				"${PODS_PODFILE_DIR_PATH}/Podfile.lock",
				"${PODS_ROOT}/Manifest.lock",
			);
			name = "[CP] Check Pods Manifest.lock";
			outputFileListPaths = (
			);
			outputPaths = (
				"$(DERIVED_FILE_DIR)/Pods-MealCreditApp_iOSUITests-checkManifestLockResult.txt",
			);
			runOnlyForDeploymentPostprocessing = 0;
			shellPath = /bin/sh;
			shellScript = "diff \"${PODS_PODFILE_DIR_PATH}/Podfile.lock\" \"${PODS_ROOT}/Manifest.lock\" > /dev/null\nif [ $? != 0 ] ; then\n    # print error to STDERR\n    echo \"error: The sandbox is not in sync with the Podfile.lock. Run 'pod install' or update your CocoaPods installation.\" >&2\n    exit 1\nfi\n# This output is used by Xcode 'outputs' to avoid re-running this script phase.\necho \"SUCCESS\" > \"${SCRIPT_OUTPUT_FILE_0}\"\n";
			showEnvVarsInLog = 0;
		};
/* End PBXShellScriptBuildPhase section */

/* Begin PBXSourcesBuildPhase section */
		39C4CCB921CD8DBF006242F3 /* Sources */ = {
			isa = PBXSourcesBuildPhase;
			buildActionMask = 2147483647;
			files = (
				D5A68C7A22CC1822007D5934 /* EditObjectViewController.swift in Sources */,
				39B5BEE8224F5ACD00F02D57 /* PaddingLabel.swift in Sources */,
				39C4CCF921CEAA4A006242F3 /* AvailableObject.swift in Sources */,
				39C4CCEF21CDA28A006242F3 /* GlobalVariables.swift in Sources */,
				39C4CCC321CD8DBF006242F3 /* ViewController.swift in Sources */,
				39C4CCF521CE10F2006242F3 /* AvailableObjsViewController.swift in Sources */,
				396BB57022055F1C001A3810 /* FilterViewController.swift in Sources */,
				39C4CCF321CE0476006242F3 /* Helper.swift in Sources */,
				39C4CCF121CDCB39006242F3 /* SignUpViewController.swift in Sources */,
				39C4CCC121CD8DBF006242F3 /* AppDelegate.swift in Sources */,
				39B5BEEA224FCE9000F02D57 /* FilterViewInfo.swift in Sources */,
				39C4CCF721CE1111006242F3 /* HungerObjsViewController.swift in Sources */,
				39C4CD3921D176D6006242F3 /* AddObjectViewController.swift in Sources */,
			);
			runOnlyForDeploymentPostprocessing = 0;
		};
		39C4CCCD21CD8DC0006242F3 /* Sources */ = {
			isa = PBXSourcesBuildPhase;
			buildActionMask = 2147483647;
			files = (
				39C4CCD621CD8DC0006242F3 /* MealCreditApp_iOSTests.swift in Sources */,
			);
			runOnlyForDeploymentPostprocessing = 0;
		};
		39C4CCD821CD8DC0006242F3 /* Sources */ = {
			isa = PBXSourcesBuildPhase;
			buildActionMask = 2147483647;
			files = (
				39C4CCE121CD8DC0006242F3 /* MealCreditApp_iOSTests.swift in Sources */,
			);
			runOnlyForDeploymentPostprocessing = 0;
		};
/* End PBXSourcesBuildPhase section */

/* Begin PBXTargetDependency section */
		39C4CCD321CD8DC0006242F3 /* PBXTargetDependency */ = {
			isa = PBXTargetDependency;
			target = 39C4CCBC21CD8DBF006242F3 /* MealCreditApp_iOS */;
			targetProxy = 39C4CCD221CD8DC0006242F3 /* PBXContainerItemProxy */;
		};
		39C4CCDE21CD8DC0006242F3 /* PBXTargetDependency */ = {
			isa = PBXTargetDependency;
			target = 39C4CCBC21CD8DBF006242F3 /* MealCreditApp_iOS */;
			targetProxy = 39C4CCDD21CD8DC0006242F3 /* PBXContainerItemProxy */;
		};
/* End PBXTargetDependency section */

/* Begin PBXVariantGroup section */
		39C4CCC421CD8DBF006242F3 /* Main.storyboard */ = {
			isa = PBXVariantGroup;
			children = (
				39C4CCC521CD8DBF006242F3 /* Base */,
			);
			name = Main.storyboard;
			sourceTree = "<group>";
		};
		39C4CCC921CD8DC0006242F3 /* LaunchScreen.storyboard */ = {
			isa = PBXVariantGroup;
			children = (
				39C4CCCA21CD8DC0006242F3 /* Base */,
			);
			name = LaunchScreen.storyboard;
			sourceTree = "<group>";
		};
/* End PBXVariantGroup section */

/* Begin XCBuildConfiguration section */
		39C4CCE321CD8DC0006242F3 /* Debug */ = {
			isa = XCBuildConfiguration;
			buildSettings = {
				ALWAYS_SEARCH_USER_PATHS = NO;
				CLANG_ANALYZER_NONNULL = YES;
				CLANG_ANALYZER_NUMBER_OBJECT_CONVERSION = YES_AGGRESSIVE;
				CLANG_CXX_LANGUAGE_STANDARD = "gnu++14";
				CLANG_CXX_LIBRARY = "libc++";
				CLANG_ENABLE_MODULES = YES;
				CLANG_ENABLE_OBJC_ARC = YES;
				CLANG_ENABLE_OBJC_WEAK = YES;
				CLANG_WARN_BLOCK_CAPTURE_AUTORELEASING = YES;
				CLANG_WARN_BOOL_CONVERSION = YES;
				CLANG_WARN_COMMA = YES;
				CLANG_WARN_CONSTANT_CONVERSION = YES;
				CLANG_WARN_DEPRECATED_OBJC_IMPLEMENTATIONS = YES;
				CLANG_WARN_DIRECT_OBJC_ISA_USAGE = YES_ERROR;
				CLANG_WARN_DOCUMENTATION_COMMENTS = YES;
				CLANG_WARN_EMPTY_BODY = YES;
				CLANG_WARN_ENUM_CONVERSION = YES;
				CLANG_WARN_INFINITE_RECURSION = YES;
				CLANG_WARN_INT_CONVERSION = YES;
				CLANG_WARN_NON_LITERAL_NULL_CONVERSION = YES;
				CLANG_WARN_OBJC_IMPLICIT_RETAIN_SELF = YES;
				CLANG_WARN_OBJC_LITERAL_CONVERSION = YES;
				CLANG_WARN_OBJC_ROOT_CLASS = YES_ERROR;
				CLANG_WARN_RANGE_LOOP_ANALYSIS = YES;
				CLANG_WARN_STRICT_PROTOTYPES = YES;
				CLANG_WARN_SUSPICIOUS_MOVE = YES;
				CLANG_WARN_UNGUARDED_AVAILABILITY = YES_AGGRESSIVE;
				CLANG_WARN_UNREACHABLE_CODE = YES;
				CLANG_WARN__DUPLICATE_METHOD_MATCH = YES;
				CODE_SIGN_IDENTITY = "iPhone Developer";
				COPY_PHASE_STRIP = NO;
				DEBUG_INFORMATION_FORMAT = dwarf;
				ENABLE_STRICT_OBJC_MSGSEND = YES;
				ENABLE_TESTABILITY = YES;
				GCC_C_LANGUAGE_STANDARD = gnu11;
				GCC_DYNAMIC_NO_PIC = NO;
				GCC_NO_COMMON_BLOCKS = YES;
				GCC_OPTIMIZATION_LEVEL = 0;
				GCC_PREPROCESSOR_DEFINITIONS = (
					"DEBUG=1",
					"$(inherited)",
				);
				GCC_WARN_64_TO_32_BIT_CONVERSION = YES;
				GCC_WARN_ABOUT_RETURN_TYPE = YES_ERROR;
				GCC_WARN_UNDECLARED_SELECTOR = YES;
				GCC_WARN_UNINITIALIZED_AUTOS = YES_AGGRESSIVE;
				GCC_WARN_UNUSED_FUNCTION = YES;
				GCC_WARN_UNUSED_VARIABLE = YES;
				IPHONEOS_DEPLOYMENT_TARGET = 12.1;
				MTL_ENABLE_DEBUG_INFO = INCLUDE_SOURCE;
				MTL_FAST_MATH = YES;
				ONLY_ACTIVE_ARCH = YES;
				SDKROOT = iphoneos;
				SWIFT_ACTIVE_COMPILATION_CONDITIONS = DEBUG;
				SWIFT_OPTIMIZATION_LEVEL = "-Onone";
			};
			name = Debug;
		};
		39C4CCE421CD8DC0006242F3 /* Release */ = {
			isa = XCBuildConfiguration;
			buildSettings = {
				ALWAYS_SEARCH_USER_PATHS = NO;
				CLANG_ANALYZER_NONNULL = YES;
				CLANG_ANALYZER_NUMBER_OBJECT_CONVERSION = YES_AGGRESSIVE;
				CLANG_CXX_LANGUAGE_STANDARD = "gnu++14";
				CLANG_CXX_LIBRARY = "libc++";
				CLANG_ENABLE_MODULES = YES;
				CLANG_ENABLE_OBJC_ARC = YES;
				CLANG_ENABLE_OBJC_WEAK = YES;
				CLANG_WARN_BLOCK_CAPTURE_AUTORELEASING = YES;
				CLANG_WARN_BOOL_CONVERSION = YES;
				CLANG_WARN_COMMA = YES;
				CLANG_WARN_CONSTANT_CONVERSION = YES;
				CLANG_WARN_DEPRECATED_OBJC_IMPLEMENTATIONS = YES;
				CLANG_WARN_DIRECT_OBJC_ISA_USAGE = YES_ERROR;
				CLANG_WARN_DOCUMENTATION_COMMENTS = YES;
				CLANG_WARN_EMPTY_BODY = YES;
				CLANG_WARN_ENUM_CONVERSION = YES;
				CLANG_WARN_INFINITE_RECURSION = YES;
				CLANG_WARN_INT_CONVERSION = YES;
				CLANG_WARN_NON_LITERAL_NULL_CONVERSION = YES;
				CLANG_WARN_OBJC_IMPLICIT_RETAIN_SELF = YES;
				CLANG_WARN_OBJC_LITERAL_CONVERSION = YES;
				CLANG_WARN_OBJC_ROOT_CLASS = YES_ERROR;
				CLANG_WARN_RANGE_LOOP_ANALYSIS = YES;
				CLANG_WARN_STRICT_PROTOTYPES = YES;
				CLANG_WARN_SUSPICIOUS_MOVE = YES;
				CLANG_WARN_UNGUARDED_AVAILABILITY = YES_AGGRESSIVE;
				CLANG_WARN_UNREACHABLE_CODE = YES;
				CLANG_WARN__DUPLICATE_METHOD_MATCH = YES;
				CODE_SIGN_IDENTITY = "iPhone Developer";
				COPY_PHASE_STRIP = NO;
				DEBUG_INFORMATION_FORMAT = "dwarf-with-dsym";
				ENABLE_NS_ASSERTIONS = NO;
				ENABLE_STRICT_OBJC_MSGSEND = YES;
				GCC_C_LANGUAGE_STANDARD = gnu11;
				GCC_NO_COMMON_BLOCKS = YES;
				GCC_WARN_64_TO_32_BIT_CONVERSION = YES;
				GCC_WARN_ABOUT_RETURN_TYPE = YES_ERROR;
				GCC_WARN_UNDECLARED_SELECTOR = YES;
				GCC_WARN_UNINITIALIZED_AUTOS = YES_AGGRESSIVE;
				GCC_WARN_UNUSED_FUNCTION = YES;
				GCC_WARN_UNUSED_VARIABLE = YES;
				IPHONEOS_DEPLOYMENT_TARGET = 12.1;
				MTL_ENABLE_DEBUG_INFO = NO;
				MTL_FAST_MATH = YES;
				SDKROOT = iphoneos;
				SWIFT_COMPILATION_MODE = wholemodule;
				SWIFT_OPTIMIZATION_LEVEL = "-O";
				VALIDATE_PRODUCT = YES;
			};
			name = Release;
		};
		39C4CCE621CD8DC0006242F3 /* Debug */ = {
			isa = XCBuildConfiguration;
			baseConfigurationReference = F9884153D4327E1DFAB90252 /* Pods-MealCreditApp_iOS.debug.xcconfig */;
			buildSettings = {
				ASSETCATALOG_COMPILER_APPICON_NAME = AppIcon;
				CODE_SIGN_STYLE = Automatic;
				DEVELOPMENT_TEAM = S36H27FPDV;
				INFOPLIST_FILE = "$(SRCROOT)/MealCreditApp_iOS/Info.plist";
				LD_RUNPATH_SEARCH_PATHS = (
					"$(inherited)",
					"@executable_path/Frameworks",
				);
				PRODUCT_BUNDLE_IDENTIFIER = "com.rupal.AF-test";
				PRODUCT_NAME = "$(TARGET_NAME)";
				SWIFT_VERSION = 4.2;
				TARGETED_DEVICE_FAMILY = "1,2";
			};
			name = Debug;
		};
		39C4CCE721CD8DC0006242F3 /* Release */ = {
			isa = XCBuildConfiguration;
			baseConfigurationReference = 76F178B180DFB4CDF3413382 /* Pods-MealCreditApp_iOS.release.xcconfig */;
			buildSettings = {
				ASSETCATALOG_COMPILER_APPICON_NAME = AppIcon;
				CODE_SIGN_STYLE = Automatic;
				DEVELOPMENT_TEAM = S36H27FPDV;
				INFOPLIST_FILE = "$(SRCROOT)/MealCreditApp_iOS/Info.plist";
				LD_RUNPATH_SEARCH_PATHS = (
					"$(inherited)",
					"@executable_path/Frameworks",
				);
				PRODUCT_BUNDLE_IDENTIFIER = "com.rupal.AF-test";
				PRODUCT_NAME = "$(TARGET_NAME)";
				SWIFT_VERSION = 4.2;
				TARGETED_DEVICE_FAMILY = "1,2";
			};
			name = Release;
		};
		39C4CCE921CD8DC0006242F3 /* Debug */ = {
			isa = XCBuildConfiguration;
			baseConfigurationReference = 043D190AD779244DDBC67285 /* Pods-MealCreditApp_iOSTests.debug.xcconfig */;
			buildSettings = {
				ALWAYS_EMBED_SWIFT_STANDARD_LIBRARIES = YES;
				BUNDLE_LOADER = "$(TEST_HOST)";
				CODE_SIGN_STYLE = Automatic;
				DEVELOPMENT_TEAM = S36H27FPDV;
				INFOPLIST_FILE = AF_testTests/Info.plist;
				LD_RUNPATH_SEARCH_PATHS = (
					"$(inherited)",
					"@executable_path/Frameworks",
					"@loader_path/Frameworks",
				);
				PRODUCT_BUNDLE_IDENTIFIER = "com.rupal.AF-testTests";
				PRODUCT_NAME = "$(TARGET_NAME)";
				SWIFT_VERSION = 4.2;
				TARGETED_DEVICE_FAMILY = "1,2";
				TEST_HOST = "$(BUILT_PRODUCTS_DIR)/MealCreditApp_iOS.app/MealCreditApp_iOS";
			};
			name = Debug;
		};
		39C4CCEA21CD8DC0006242F3 /* Release */ = {
			isa = XCBuildConfiguration;
			baseConfigurationReference = 886C86A34AEE5B6E264ECD5B /* Pods-MealCreditApp_iOSTests.release.xcconfig */;
			buildSettings = {
				ALWAYS_EMBED_SWIFT_STANDARD_LIBRARIES = YES;
				BUNDLE_LOADER = "$(TEST_HOST)";
				CODE_SIGN_STYLE = Automatic;
				DEVELOPMENT_TEAM = S36H27FPDV;
				INFOPLIST_FILE = AF_testTests/Info.plist;
				LD_RUNPATH_SEARCH_PATHS = (
					"$(inherited)",
					"@executable_path/Frameworks",
					"@loader_path/Frameworks",
				);
				PRODUCT_BUNDLE_IDENTIFIER = "com.rupal.AF-testTests";
				PRODUCT_NAME = "$(TARGET_NAME)";
				SWIFT_VERSION = 4.2;
				TARGETED_DEVICE_FAMILY = "1,2";
				TEST_HOST = "$(BUILT_PRODUCTS_DIR)/MealCreditApp_iOS.app/MealCreditApp_iOS";
			};
			name = Release;
		};
		39C4CCEC21CD8DC0006242F3 /* Debug */ = {
			isa = XCBuildConfiguration;
			baseConfigurationReference = 1E71F58FD769A1807AE76AE0 /* Pods-MealCreditApp_iOSUITests.debug.xcconfig */;
			buildSettings = {
				ALWAYS_EMBED_SWIFT_STANDARD_LIBRARIES = YES;
				CODE_SIGN_STYLE = Automatic;
				DEVELOPMENT_TEAM = S36H27FPDV;
				INFOPLIST_FILE = AF_testUITests/Info.plist;
				LD_RUNPATH_SEARCH_PATHS = (
					"$(inherited)",
					"@executable_path/Frameworks",
					"@loader_path/Frameworks",
				);
				PRODUCT_BUNDLE_IDENTIFIER = "com.rupal.AF-testUITests";
				PRODUCT_NAME = "$(TARGET_NAME)";
				SWIFT_VERSION = 4.2;
				TARGETED_DEVICE_FAMILY = "1,2";
				TEST_TARGET_NAME = AF_test;
			};
			name = Debug;
		};
		39C4CCED21CD8DC0006242F3 /* Release */ = {
			isa = XCBuildConfiguration;
			baseConfigurationReference = 4E8260EAAEA5AB37148256BD /* Pods-MealCreditApp_iOSUITests.release.xcconfig */;
			buildSettings = {
				ALWAYS_EMBED_SWIFT_STANDARD_LIBRARIES = YES;
				CODE_SIGN_STYLE = Automatic;
				DEVELOPMENT_TEAM = S36H27FPDV;
				INFOPLIST_FILE = AF_testUITests/Info.plist;
				LD_RUNPATH_SEARCH_PATHS = (
					"$(inherited)",
					"@executable_path/Frameworks",
					"@loader_path/Frameworks",
				);
				PRODUCT_BUNDLE_IDENTIFIER = "com.rupal.AF-testUITests";
				PRODUCT_NAME = "$(TARGET_NAME)";
				SWIFT_VERSION = 4.2;
				TARGETED_DEVICE_FAMILY = "1,2";
				TEST_TARGET_NAME = AF_test;
			};
			name = Release;
		};
/* End XCBuildConfiguration section */

/* Begin XCConfigurationList section */
		39C4CCB821CD8DBF006242F3 /* Build configuration list for PBXProject "MealCreditApp_iOS" */ = {
			isa = XCConfigurationList;
			buildConfigurations = (
				39C4CCE321CD8DC0006242F3 /* Debug */,
				39C4CCE421CD8DC0006242F3 /* Release */,
			);
			defaultConfigurationIsVisible = 0;
			defaultConfigurationName = Release;
		};
		39C4CCE521CD8DC0006242F3 /* Build configuration list for PBXNativeTarget "MealCreditApp_iOS" */ = {
			isa = XCConfigurationList;
			buildConfigurations = (
				39C4CCE621CD8DC0006242F3 /* Debug */,
				39C4CCE721CD8DC0006242F3 /* Release */,
			);
			defaultConfigurationIsVisible = 0;
			defaultConfigurationName = Release;
		};
		39C4CCE821CD8DC0006242F3 /* Build configuration list for PBXNativeTarget "MealCreditApp_iOSTests" */ = {
			isa = XCConfigurationList;
			buildConfigurations = (
				39C4CCE921CD8DC0006242F3 /* Debug */,
				39C4CCEA21CD8DC0006242F3 /* Release */,
			);
			defaultConfigurationIsVisible = 0;
			defaultConfigurationName = Release;
		};
		39C4CCEB21CD8DC0006242F3 /* Build configuration list for PBXNativeTarget "MealCreditApp_iOSUITests" */ = {
			isa = XCConfigurationList;
			buildConfigurations = (
				39C4CCEC21CD8DC0006242F3 /* Debug */,
				39C4CCED21CD8DC0006242F3 /* Release */,
			);
			defaultConfigurationIsVisible = 0;
			defaultConfigurationName = Release;
		};
/* End XCConfigurationList section */
	};
	rootObject = 39C4CCB521CD8DBF006242F3 /* Project object */;
}
